
Microsoft Visual Studio Solution File, Format Version 12.00
# Visual Studio Version 16
VisualStudioVersion = 16.0.30330.147
MinimumVisualStudioVersion = 10.0.40219.1
Project("{9A19103F-16F7-4668-BE54-9A1E7A4F7556}") = "Algebra", "Algebra\Algebra.csproj", "{230C0ED5-D47B-4EAC-A0B0-DA046AECCFAF}"
EndProject
Project("{9A19103F-16F7-4668-BE54-9A1E7A4F7556}") = "AlgebraTests", "AlgebraTest\AlgebraTests.csproj", "{071FAAC4-0DC6-427A-93E3-EABAA4DA19F3}"
EndProject
Global
	GlobalSection(SolutionConfigurationPlatforms) = preSolution
		Debug|Any CPU = Debug|Any CPU
		Release|Any CPU = Release|Any CPU
	EndGlobalSection
	GlobalSection(ProjectConfigurationPlatforms) = postSolution
		{230C0ED5-D47B-4EAC-A0B0-DA046AECCFAF}.Debug|Any CPU.ActiveCfg = Debug|Any CPU
		{230C0ED5-D47B-4EAC-A0B0-DA046AECCFAF}.Debug|Any CPU.Build.0 = Debug|Any CPU
		{230C0ED5-D47B-4EAC-A0B0-DA046AECCFAF}.Release|Any CPU.ActiveCfg = Release|Any CPU
		{230C0ED5-D47B-4EAC-A0B0-DA046AECCFAF}.Release|Any CPU.Build.0 = Release|Any CPU
		{071FAAC4-0DC6-427A-93E3-EABAA4DA19F3}.Debug|Any CPU.ActiveCfg = Debug|Any CPU
		{071FAAC4-0DC6-427A-93E3-EABAA4DA19F3}.Debug|Any CPU.Build.0 = Debug|Any CPU
		{071FAAC4-0DC6-427A-93E3-EABAA4DA19F3}.Release|Any CPU.ActiveCfg = Release|Any CPU
		{071FAAC4-0DC6-427A-93E3-EABAA4DA19F3}.Release|Any CPU.Build.0 = Release|Any CPU
	EndGlobalSection
	GlobalSection(SolutionProperties) = preSolution
		HideSolutionNode = FALSE
	EndGlobalSection
	GlobalSection(ExtensibilityGlobals) = postSolution
		SolutionGuid = {47C1885A-EFCF-481C-B0E0-FCC420DAD6DD}
	EndGlobalSection
EndGlobal
